
Microsoft Visual Studio Solution File, Format Version 12.00
# Visual Studio Version 17
VisualStudioVersion = 17.5.002.0
MinimumVisualStudioVersion = 10.0.40219.1
Project("{9A19103F-16F7-4668-BE54-9A1E7A4F7556}") = "ChatAppClient", "ChatAppClient.csproj", "{D34E7718-FB51-4303-8C78-3D461759AB20}"
EndProject
Global
	GlobalSection(SolutionConfigurationPlatforms) = preSolution
		Debug|Any CPU = Debug|Any CPU
		Release|Any CPU = Release|Any CPU
	EndGlobalSection
	GlobalSection(ProjectConfigurationPlatforms) = postSolution
		{D34E7718-FB51-4303-8C78-3D461759AB20}.Debug|Any CPU.ActiveCfg = Debug|Any CPU
		{D34E7718-FB51-4303-8C78-3D461759AB20}.Debug|Any CPU.Build.0 = Debug|Any CPU
		{D34E7718-FB51-4303-8C78-3D461759AB20}.Release|Any CPU.ActiveCfg = Release|Any CPU
		{D34E7718-FB51-4303-8C78-3D461759AB20}.Release|Any CPU.Build.0 = Release|Any CPU
	EndGlobalSection
	GlobalSection(SolutionProperties) = preSolution
		HideSolutionNode = FALSE
	EndGlobalSection
	GlobalSection(ExtensibilityGlobals) = postSolution
		SolutionGuid = {488A6F8F-F48A-4A0D-995E-A9FE25E0CBCC}
	EndGlobalSection
EndGlobal
